PODS:
  - QTTranslatorAR (2.0.7)

DEPENDENCIES:
  - QTTranslatorAR (~> 2.0.5)

SPEC REPOS:
  https://github.com/CocoaPods/Specs.git:
    - QTTranslatorAR

SPEC CHECKSUMS:
  QTTranslatorAR: 0711b158493eab79079d2d837bad1d6bdd760800

PODFILE CHECKSUM: fbb8c8f4567f0d15b8a66f24a811f2e900855f28

COCOAPODS: 1.9.1
